// !$*UTF8*$!
{
	archiveVersion = 1;
	classes = {
	};
	objectVersion = 51;
	objects = {

/* Begin PBXBuildFile section */
		3136A8F925C00A41000493C0 /* RespositoryAPI.swift in Sources */ = {isa = PBXBuildFile; fileRef = 3136A8F825C00A40000493C0 /* RespositoryAPI.swift */; };
		31AA9E1A25C23D4F0083101E /* response.json in Resources */ = {isa = PBXBuildFile; fileRef = 31AA9E1925C23D4F0083101E /* response.json */; };
		31AA9E1E25C2408A0083101E /* RepositoryCell.swift in Sources */ = {isa = PBXBuildFile; fileRef = 31AA9E1D25C2408A0083101E /* RepositoryCell.swift */; };
		31AF8D2B25BFFBE600FEBC83 /* AppDelegate.swift in Sources */ = {isa = PBXBuildFile; fileRef = 31AF8D2A25BFFBE600FEBC83 /* AppDelegate.swift */; };
		31AF8D2D25BFFBE600FEBC83 /* SceneDelegate.swift in Sources */ = {isa = PBXBuildFile; fileRef = 31AF8D2C25BFFBE600FEBC83 /* SceneDelegate.swift */; };
		31AF8D3225BFFBE600FEBC83 /* Main.storyboard in Resources */ = {isa = PBXBuildFile; fileRef = 31AF8D3025BFFBE600FEBC83 /* Main.storyboard */; };
		31AF8D3425BFFBEA00FEBC83 /* Assets.xcassets in Resources */ = {isa = PBXBuildFile; fileRef = 31AF8D3325BFFBEA00FEBC83 /* Assets.xcassets */; };
		31AF8D3725BFFBEA00FEBC83 /* LaunchScreen.storyboard in Resources */ = {isa = PBXBuildFile; fileRef = 31AF8D3525BFFBEA00FEBC83 /* LaunchScreen.storyboard */; };
		31AF8D4625BFFF6700FEBC83 /* RepositoryListPresenter.swift in Sources */ = {isa = PBXBuildFile; fileRef = 31AF8D4025BFFF6700FEBC83 /* RepositoryListPresenter.swift */; };
		31AF8D4725BFFF6700FEBC83 /* RepositoryListWorker.swift in Sources */ = {isa = PBXBuildFile; fileRef = 31AF8D4125BFFF6700FEBC83 /* RepositoryListWorker.swift */; };
		31AF8D4825BFFF6700FEBC83 /* RepositoryListRouter.swift in Sources */ = {isa = PBXBuildFile; fileRef = 31AF8D4225BFFF6700FEBC83 /* RepositoryListRouter.swift */; };
		31AF8D4925BFFF6700FEBC83 /* RepositoryListModels.swift in Sources */ = {isa = PBXBuildFile; fileRef = 31AF8D4325BFFF6700FEBC83 /* RepositoryListModels.swift */; };
		31AF8D4A25BFFF6700FEBC83 /* RepositoryListViewController.swift in Sources */ = {isa = PBXBuildFile; fileRef = 31AF8D4425BFFF6700FEBC83 /* RepositoryListViewController.swift */; };
		31AF8D4B25BFFF6700FEBC83 /* RepositoryListInteractor.swift in Sources */ = {isa = PBXBuildFile; fileRef = 31AF8D4525BFFF6700FEBC83 /* RepositoryListInteractor.swift */; };
		31C6FEE525C277B70022B33D /* Repository.swift in Sources */ = {isa = PBXBuildFile; fileRef = 31C6FEE425C277B70022B33D /* Repository.swift */; };
		31C6FEF525C29A270022B33D /* githubSearchAppTests.swift in Sources */ = {isa = PBXBuildFile; fileRef = 31C6FEF425C29A270022B33D /* githubSearchAppTests.swift */; };
		31C6FEFF25C2A0DF0022B33D /* GithubAPI.swift in Sources */ = {isa = PBXBuildFile; fileRef = 31C6FEFE25C2A0DF0022B33D /* GithubAPI.swift */; };
		9CA4F38EA0140B14604A1D9F /* Pods_githubSearchApp.framework in Frameworks */ = {isa = PBXBuildFile; fileRef = 4ADD8208C641672E16A71009 /* Pods_githubSearchApp.framework */; };
/* End PBXBuildFile section */

/* Begin PBXContainerItemProxy section */
		31C6FEF725C29A270022B33D /* PBXContainerItemProxy */ = {
			isa = PBXContainerItemProxy;
			containerPortal = 31AF8D1F25BFFBE600FEBC83 /* Project object */;
			proxyType = 1;
			remoteGlobalIDString = 31AF8D2625BFFBE600FEBC83;
			remoteInfo = githubSearchApp;
		};
/* End PBXContainerItemProxy section */

/* Begin PBXFileReference section */
		15C176E4EBE6067F24E22FAD /* Pods-githubSearchApp.debug.xcconfig */ = {isa = PBXFileReference; includeInIndex = 1; lastKnownFileType = text.xcconfig; name = "Pods-githubSearchApp.debug.xcconfig"; path = "Target Support Files/Pods-githubSearchApp/Pods-githubSearchApp.debug.xcconfig"; sourceTree = "<group>"; };
		3136A8F825C00A40000493C0 /* RespositoryAPI.swift */ = {isa = PBXFileReference; lastKnownFileType = sourcecode.swift; path = RespositoryAPI.swift; sourceTree = "<group>"; };
		31AA9E1925C23D4F0083101E /* response.json */ = {isa = PBXFileReference; lastKnownFileType = text.json; path = response.json; sourceTree = "<group>"; };
		31AA9E1D25C2408A0083101E /* RepositoryCell.swift */ = {isa = PBXFileReference; lastKnownFileType = sourcecode.swift; path = RepositoryCell.swift; sourceTree = "<group>"; };
		31AF8D2725BFFBE600FEBC83 /* githubSearchApp.app */ = {isa = PBXFileReference; explicitFileType = wrapper.application; includeInIndex = 0; path = githubSearchApp.app; sourceTree = BUILT_PRODUCTS_DIR; };
		31AF8D2A25BFFBE600FEBC83 /* AppDelegate.swift */ = {isa = PBXFileReference; lastKnownFileType = sourcecode.swift; path = AppDelegate.swift; sourceTree = "<group>"; };
		31AF8D2C25BFFBE600FEBC83 /* SceneDelegate.swift */ = {isa = PBXFileReference; lastKnownFileType = sourcecode.swift; path = SceneDelegate.swift; sourceTree = "<group>"; };
		31AF8D3125BFFBE600FEBC83 /* Base */ = {isa = PBXFileReference; lastKnownFileType = file.storyboard; name = Base; path = Base.lproj/Main.storyboard; sourceTree = "<group>"; };
		31AF8D3325BFFBEA00FEBC83 /* Assets.xcassets */ = {isa = PBXFileReference; lastKnownFileType = folder.assetcatalog; path = Assets.xcassets; sourceTree = "<group>"; };
		31AF8D3625BFFBEA00FEBC83 /* Base */ = {isa = PBXFileReference; lastKnownFileType = file.storyboard; name = Base; path = Base.lproj/LaunchScreen.storyboard; sourceTree = "<group>"; };
		31AF8D3825BFFBEA00FEBC83 /* Info.plist */ = {isa = PBXFileReference; lastKnownFileType = text.plist.xml; path = Info.plist; sourceTree = "<group>"; };
		31AF8D4025BFFF6700FEBC83 /* RepositoryListPresenter.swift */ = {isa = PBXFileReference; lastKnownFileType = sourcecode.swift; path = RepositoryListPresenter.swift; sourceTree = "<group>"; };
		31AF8D4125BFFF6700FEBC83 /* RepositoryListWorker.swift */ = {isa = PBXFileReference; lastKnownFileType = sourcecode.swift; path = RepositoryListWorker.swift; sourceTree = "<group>"; };
		31AF8D4225BFFF6700FEBC83 /* RepositoryListRouter.swift */ = {isa = PBXFileReference; lastKnownFileType = sourcecode.swift; path = RepositoryListRouter.swift; sourceTree = "<group>"; };
		31AF8D4325BFFF6700FEBC83 /* RepositoryListModels.swift */ = {isa = PBXFileReference; lastKnownFileType = sourcecode.swift; path = RepositoryListModels.swift; sourceTree = "<group>"; };
		31AF8D4425BFFF6700FEBC83 /* RepositoryListViewController.swift */ = {isa = PBXFileReference; lastKnownFileType = sourcecode.swift; path = RepositoryListViewController.swift; sourceTree = "<group>"; };
		31AF8D4525BFFF6700FEBC83 /* RepositoryListInteractor.swift */ = {isa = PBXFileReference; lastKnownFileType = sourcecode.swift; path = RepositoryListInteractor.swift; sourceTree = "<group>"; };
		31C6FEE425C277B70022B33D /* Repository.swift */ = {isa = PBXFileReference; lastKnownFileType = sourcecode.swift; path = Repository.swift; sourceTree = "<group>"; };
		31C6FEF225C29A270022B33D /* githubSearchAppTests.xctest */ = {isa = PBXFileReference; explicitFileType = wrapper.cfbundle; includeInIndex = 0; path = githubSearchAppTests.xctest; sourceTree = BUILT_PRODUCTS_DIR; };
		31C6FEF425C29A270022B33D /* githubSearchAppTests.swift */ = {isa = PBXFileReference; lastKnownFileType = sourcecode.swift; path = githubSearchAppTests.swift; sourceTree = "<group>"; };
		31C6FEF625C29A270022B33D /* Info.plist */ = {isa = PBXFileReference; lastKnownFileType = text.plist.xml; path = Info.plist; sourceTree = "<group>"; };
		31C6FEFE25C2A0DF0022B33D /* GithubAPI.swift */ = {isa = PBXFileReference; lastKnownFileType = sourcecode.swift; path = GithubAPI.swift; sourceTree = "<group>"; };
		4ADD8208C641672E16A71009 /* Pods_githubSearchApp.framework */ = {isa = PBXFileReference; explicitFileType = wrapper.framework; includeInIndex = 0; path = Pods_githubSearchApp.framework; sourceTree = BUILT_PRODUCTS_DIR; };
		A82B030363667B9303F8D88C /* Pods-githubSearchApp.release.xcconfig */ = {isa = PBXFileReference; includeInIndex = 1; lastKnownFileType = text.xcconfig; name = "Pods-githubSearchApp.release.xcconfig"; path = "Target Support Files/Pods-githubSearchApp/Pods-githubSearchApp.release.xcconfig"; sourceTree = "<group>"; };
/* End PBXFileReference section */

/* Begin PBXFrameworksBuildPhase section */
		31AF8D2425BFFBE600FEBC83 /* Frameworks */ = {
			isa = PBXFrameworksBuildPhase;
			buildActionMask = 2147483647;
			files = (
				9CA4F38EA0140B14604A1D9F /* Pods_githubSearchApp.framework in Frameworks */,
			);
			runOnlyForDeploymentPostprocessing = 0;
		};
		31C6FEEF25C29A270022B33D /* Frameworks */ = {
			isa = PBXFrameworksBuildPhase;
			buildActionMask = 2147483647;
			files = (
			);
			runOnlyForDeploymentPostprocessing = 0;
		};
/* End PBXFrameworksBuildPhase section */

/* Begin PBXGroup section */
		308B884F49DA7332F3BFDDFB /* Pods */ = {
			isa = PBXGroup;
			children = (
				15C176E4EBE6067F24E22FAD /* Pods-githubSearchApp.debug.xcconfig */,
				A82B030363667B9303F8D88C /* Pods-githubSearchApp.release.xcconfig */,
			);
			path = Pods;
			sourceTree = "<group>";
		};
		3136A8F625C00491000493C0 /* Services */ = {
			isa = PBXGroup;
			children = (
				3136A8F825C00A40000493C0 /* RespositoryAPI.swift */,
				31C6FEFE25C2A0DF0022B33D /* GithubAPI.swift */,
				31AA9E1925C23D4F0083101E /* response.json */,
			);
			path = Services;
			sourceTree = "<group>";
		};
		31AA9E1C25C2404B0083101E /* View */ = {
			isa = PBXGroup;
			children = (
				31AA9E1D25C2408A0083101E /* RepositoryCell.swift */,
			);
			path = View;
			sourceTree = "<group>";
		};
		31AF8D1E25BFFBE600FEBC83 = {
			isa = PBXGroup;
			children = (
				31AF8D2925BFFBE600FEBC83 /* githubSearchApp */,
				31C6FEF325C29A270022B33D /* githubSearchAppTests */,
				31AF8D2825BFFBE600FEBC83 /* Products */,
				308B884F49DA7332F3BFDDFB /* Pods */,
				82390E0B14C96E890F7FDD34 /* Frameworks */,
			);
			sourceTree = "<group>";
		};
		31AF8D2825BFFBE600FEBC83 /* Products */ = {
			isa = PBXGroup;
			children = (
				31AF8D2725BFFBE600FEBC83 /* githubSearchApp.app */,
				31C6FEF225C29A270022B33D /* githubSearchAppTests.xctest */,
			);
			name = Products;
			sourceTree = "<group>";
		};
		31AF8D2925BFFBE600FEBC83 /* githubSearchApp */ = {
			isa = PBXGroup;
			children = (
				3136A8F625C00491000493C0 /* Services */,
				31AF8D4D25BFFF6D00FEBC83 /* RepositoryList */,
				31AF8D2A25BFFBE600FEBC83 /* AppDelegate.swift */,
				31AF8D2C25BFFBE600FEBC83 /* SceneDelegate.swift */,
				31AF8D3025BFFBE600FEBC83 /* Main.storyboard */,
				31AF8D3325BFFBEA00FEBC83 /* Assets.xcassets */,
				31AF8D3525BFFBEA00FEBC83 /* LaunchScreen.storyboard */,
				31AF8D3825BFFBEA00FEBC83 /* Info.plist */,
			);
			path = githubSearchApp;
			sourceTree = "<group>";
		};
		31AF8D4D25BFFF6D00FEBC83 /* RepositoryList */ = {
			isa = PBXGroup;
			children = (
				31C6FEE325C277A30022B33D /* Model */,
				31AA9E1C25C2404B0083101E /* View */,
				31AF8D4025BFFF6700FEBC83 /* RepositoryListPresenter.swift */,
				31AF8D4125BFFF6700FEBC83 /* RepositoryListWorker.swift */,
				31AF8D4225BFFF6700FEBC83 /* RepositoryListRouter.swift */,
				31AF8D4325BFFF6700FEBC83 /* RepositoryListModels.swift */,
				31AF8D4425BFFF6700FEBC83 /* RepositoryListViewController.swift */,
				31AF8D4525BFFF6700FEBC83 /* RepositoryListInteractor.swift */,
			);
			path = RepositoryList;
			sourceTree = "<group>";
		};
		31C6FEE325C277A30022B33D /* Model */ = {
			isa = PBXGroup;
			children = (
				31C6FEE425C277B70022B33D /* Repository.swift */,
			);
			path = Model;
			sourceTree = "<group>";
		};
		31C6FEF325C29A270022B33D /* githubSearchAppTests */ = {
			isa = PBXGroup;
			children = (
				31C6FEF425C29A270022B33D /* githubSearchAppTests.swift */,
				31C6FEF625C29A270022B33D /* Info.plist */,
			);
			path = githubSearchAppTests;
			sourceTree = "<group>";
		};
		82390E0B14C96E890F7FDD34 /* Frameworks */ = {
			isa = PBXGroup;
			children = (
				4ADD8208C641672E16A71009 /* Pods_githubSearchApp.framework */,
			);
			name = Frameworks;
			sourceTree = "<group>";
		};
/* End PBXGroup section */

/* Begin PBXNativeTarget section */
		31AF8D2625BFFBE600FEBC83 /* githubSearchApp */ = {
			isa = PBXNativeTarget;
			buildConfigurationList = 31AF8D3B25BFFBEA00FEBC83 /* Build configuration list for PBXNativeTarget "githubSearchApp" */;
			buildPhases = (
				8B3F725DCC34658D3F65505E /* [CP] Check Pods Manifest.lock */,
				31AF8D2325BFFBE600FEBC83 /* Sources */,
				31AF8D2425BFFBE600FEBC83 /* Frameworks */,
				31AF8D2525BFFBE600FEBC83 /* Resources */,
				BE62F1855BD2CBDD13F5455E /* [CP] Embed Pods Frameworks */,
			);
			buildRules = (
			);
			dependencies = (
			);
			name = githubSearchApp;
			productName = githubSearchApp;
			productReference = 31AF8D2725BFFBE600FEBC83 /* githubSearchApp.app */;
			productType = "com.apple.product-type.application";
		};
		31C6FEF125C29A270022B33D /* githubSearchAppTests */ = {
			isa = PBXNativeTarget;
			buildConfigurationList = 31C6FEF925C29A270022B33D /* Build configuration list for PBXNativeTarget "githubSearchAppTests" */;
			buildPhases = (
				31C6FEEE25C29A270022B33D /* Sources */,
				31C6FEEF25C29A270022B33D /* Frameworks */,
				31C6FEF025C29A270022B33D /* Resources */,
			);
			buildRules = (
			);
			dependencies = (
				31C6FEF825C29A270022B33D /* PBXTargetDependency */,
			);
			name = githubSearchAppTests;
			productName = githubSearchAppTests;
			productReference = 31C6FEF225C29A270022B33D /* githubSearchAppTests.xctest */;
			productType = "com.apple.product-type.bundle.unit-test";
		};
/* End PBXNativeTarget section */

/* Begin PBXProject section */
		31AF8D1F25BFFBE600FEBC83 /* Project object */ = {
			isa = PBXProject;
			attributes = {
				LastSwiftUpdateCheck = 1230;
				LastUpgradeCheck = 1230;
				TargetAttributes = {
					31AF8D2625BFFBE600FEBC83 = {
						CreatedOnToolsVersion = 12.3;
					};
					31C6FEF125C29A270022B33D = {
						CreatedOnToolsVersion = 12.3;
						TestTargetID = 31AF8D2625BFFBE600FEBC83;
					};
				};
			};
			buildConfigurationList = 31AF8D2225BFFBE600FEBC83 /* Build configuration list for PBXProject "githubSearchApp" */;
			compatibilityVersion = "Xcode 9.3";
			developmentRegion = en;
			hasScannedForEncodings = 0;
			knownRegions = (
				en,
				Base,
			);
			mainGroup = 31AF8D1E25BFFBE600FEBC83;
			productRefGroup = 31AF8D2825BFFBE600FEBC83 /* Products */;
			projectDirPath = "";
			projectRoot = "";
			targets = (
				31AF8D2625BFFBE600FEBC83 /* githubSearchApp */,
				31C6FEF125C29A270022B33D /* githubSearchAppTests */,
			);
		};
/* End PBXProject section */

/* Begin PBXResourcesBuildPhase section */
		31AF8D2525BFFBE600FEBC83 /* Resources */ = {
			isa = PBXResourcesBuildPhase;
			buildActionMask = 2147483647;
			files = (
				31AA9E1A25C23D4F0083101E /* response.json in Resources */,
				31AF8D3725BFFBEA00FEBC83 /* LaunchScreen.storyboard in Resources */,
				31AF8D3425BFFBEA00FEBC83 /* Assets.xcassets in Resources */,
				31AF8D3225BFFBE600FEBC83 /* Main.storyboard in Resources */,
			);
			runOnlyForDeploymentPostprocessing = 0;
		};
		31C6FEF025C29A270022B33D /* Resources */ = {
			isa = PBXResourcesBuildPhase;
			buildActionMask = 2147483647;
			files = (
			);
			runOnlyForDeploymentPostprocessing = 0;
		};
/* End PBXResourcesBuildPhase section */

/* Begin PBXShellScriptBuildPhase section */
		8B3F725DCC34658D3F65505E /* [CP] Check Pods Manifest.lock */ = {
			isa = PBXShellScriptBuildPhase;
			buildActionMask = 2147483647;
			files = (
			);
			inputFileListPaths = (
			);
			inputPaths = (
				"${PODS_PODFILE_DIR_PATH}/Podfile.lock",
				"${PODS_ROOT}/Manifest.lock",
			);
			name = "[CP] Check Pods Manifest.lock";
			outputFileListPaths = (
			);
			outputPaths = (
				"$(DERIVED_FILE_DIR)/Pods-githubSearchApp-checkManifestLockResult.txt",
			);
			runOnlyForDeploymentPostprocessing = 0;
			shellPath = /bin/sh;
			shellScript = "diff \"${PODS_PODFILE_DIR_PATH}/Podfile.lock\" \"${PODS_ROOT}/Manifest.lock\" > /dev/null\nif [ $? != 0 ] ; then\n    # print error to STDERR\n    echo \"error: The sandbox is not in sync with the Podfile.lock. Run 'pod install' or update your CocoaPods installation.\" >&2\n    exit 1\nfi\n# This output is used by Xcode 'outputs' to avoid re-running this script phase.\necho \"SUCCESS\" > \"${SCRIPT_OUTPUT_FILE_0}\"\n";
			showEnvVarsInLog = 0;
		};
		BE62F1855BD2CBDD13F5455E /* [CP] Embed Pods Frameworks */ = {
			isa = PBXShellScriptBuildPhase;
			buildActionMask = 2147483647;
			files = (
			);
			inputFileListPaths = (
				"${PODS_ROOT}/Target Support Files/Pods-githubSearchApp/Pods-githubSearchApp-frameworks-${CONFIGURATION}-input-files.xcfilelist",
			);
			name = "[CP] Embed Pods Frameworks";
			outputFileListPaths = (
				"${PODS_ROOT}/Target Support Files/Pods-githubSearchApp/Pods-githubSearchApp-frameworks-${CONFIGURATION}-output-files.xcfilelist",
			);
			runOnlyForDeploymentPostprocessing = 0;
			shellPath = /bin/sh;
			shellScript = "\"${PODS_ROOT}/Target Support Files/Pods-githubSearchApp/Pods-githubSearchApp-frameworks.sh\"\n";
			showEnvVarsInLog = 0;
		};
/* End PBXShellScriptBuildPhase section */

/* Begin PBXSourcesBuildPhase section */
		31AF8D2325BFFBE600FEBC83 /* Sources */ = {
			isa = PBXSourcesBuildPhase;
			buildActionMask = 2147483647;
			files = (
				3136A8F925C00A41000493C0 /* RespositoryAPI.swift in Sources */,
				31AF8D4A25BFFF6700FEBC83 /* RepositoryListViewController.swift in Sources */,
				31AF8D4625BFFF6700FEBC83 /* RepositoryListPresenter.swift in Sources */,
				31AF8D4B25BFFF6700FEBC83 /* RepositoryListInteractor.swift in Sources */,
				31AF8D4925BFFF6700FEBC83 /* RepositoryListModels.swift in Sources */,
				31C6FEE525C277B70022B33D /* Repository.swift in Sources */,
				31AA9E1E25C2408A0083101E /* RepositoryCell.swift in Sources */,
				31C6FEFF25C2A0DF0022B33D /* GithubAPI.swift in Sources */,
				31AF8D2B25BFFBE600FEBC83 /* AppDelegate.swift in Sources */,
				31AF8D2D25BFFBE600FEBC83 /* SceneDelegate.swift in Sources */,
				31AF8D4825BFFF6700FEBC83 /* RepositoryListRouter.swift in Sources */,
				31AF8D4725BFFF6700FEBC83 /* RepositoryListWorker.swift in Sources */,
			);
			runOnlyForDeploymentPostprocessing = 0;
		};
		31C6FEEE25C29A270022B33D /* Sources */ = {
			isa = PBXSourcesBuildPhase;
			buildActionMask = 2147483647;
			files = (
				31C6FEF525C29A270022B33D /* githubSearchAppTests.swift in Sources */,
			);
			runOnlyForDeploymentPostprocessing = 0;
		};
/* End PBXSourcesBuildPhase section */

/* Begin PBXTargetDependency section */
		31C6FEF825C29A270022B33D /* PBXTargetDependency */ = {
			isa = PBXTargetDependency;
			target = 31AF8D2625BFFBE600FEBC83 /* githubSearchApp */;
			targetProxy = 31C6FEF725C29A270022B33D /* PBXContainerItemProxy */;
		};
/* End PBXTargetDependency section */

/* Begin PBXVariantGroup section */
		31AF8D3025BFFBE600FEBC83 /* Main.storyboard */ = {
			isa = PBXVariantGroup;
			children = (
				31AF8D3125BFFBE600FEBC83 /* Base */,
			);
			name = Main.storyboard;
			sourceTree = "<group>";
		};
		31AF8D3525BFFBEA00FEBC83 /* LaunchScreen.storyboard */ = {
			isa = PBXVariantGroup;
			children = (
				31AF8D3625BFFBEA00FEBC83 /* Base */,
			);
			name = LaunchScreen.storyboard;
			sourceTree = "<group>";
		};
/* End PBXVariantGroup section */

/* Begin XCBuildConfiguration section */
		31AF8D3925BFFBEA00FEBC83 /* Debug */ = {
			isa = XCBuildConfiguration;
			buildSettings = {
				ALWAYS_SEARCH_USER_PATHS = NO;
				CLANG_ANALYZER_NONNULL = YES;
				CLANG_ANALYZER_NUMBER_OBJECT_CONVERSION = YES_AGGRESSIVE;
				CLANG_CXX_LANGUAGE_STANDARD = "gnu++14";
				CLANG_CXX_LIBRARY = "libc++";
				CLANG_ENABLE_MODULES = YES;
				CLANG_ENABLE_OBJC_ARC = YES;
				CLANG_ENABLE_OBJC_WEAK = YES;
				CLANG_WARN_BLOCK_CAPTURE_AUTORELEASING = YES;
				CLANG_WARN_BOOL_CONVERSION = YES;
				CLANG_WARN_COMMA = YES;
				CLANG_WARN_CONSTANT_CONVERSION = YES;
				CLANG_WARN_DEPRECATED_OBJC_IMPLEMENTATIONS = YES;
				CLANG_WARN_DIRECT_OBJC_ISA_USAGE = YES_ERROR;
				CLANG_WARN_DOCUMENTATION_COMMENTS = YES;
				CLANG_WARN_EMPTY_BODY = YES;
				CLANG_WARN_ENUM_CONVERSION = YES;
				CLANG_WARN_INFINITE_RECURSION = YES;
				CLANG_WARN_INT_CONVERSION = YES;
				CLANG_WARN_NON_LITERAL_NULL_CONVERSION = YES;
				CLANG_WARN_OBJC_IMPLICIT_RETAIN_SELF = YES;
				CLANG_WARN_OBJC_LITERAL_CONVERSION = YES;
				CLANG_WARN_OBJC_ROOT_CLASS = YES_ERROR;
				CLANG_WARN_QUOTED_INCLUDE_IN_FRAMEWORK_HEADER = YES;
				CLANG_WARN_RANGE_LOOP_ANALYSIS = YES;
				CLANG_WARN_STRICT_PROTOTYPES = YES;
				CLANG_WARN_SUSPICIOUS_MOVE = YES;
				CLANG_WARN_UNGUARDED_AVAILABILITY = YES_AGGRESSIVE;
				CLANG_WARN_UNREACHABLE_CODE = YES;
				CLANG_WARN__DUPLICATE_METHOD_MATCH = YES;
				COPY_PHASE_STRIP = NO;
				DEBUG_INFORMATION_FORMAT = dwarf;
				ENABLE_STRICT_OBJC_MSGSEND = YES;
				ENABLE_TESTABILITY = YES;
				GCC_C_LANGUAGE_STANDARD = gnu11;
				GCC_DYNAMIC_NO_PIC = NO;
				GCC_NO_COMMON_BLOCKS = YES;
				GCC_OPTIMIZATION_LEVEL = 0;
				GCC_PREPROCESSOR_DEFINITIONS = (
					"DEBUG=1",
					"$(inherited)",
				);
				GCC_WARN_64_TO_32_BIT_CONVERSION = YES;
				GCC_WARN_ABOUT_RETURN_TYPE = YES_ERROR;
				GCC_WARN_UNDECLARED_SELECTOR = YES;
				GCC_WARN_UNINITIALIZED_AUTOS = YES_AGGRESSIVE;
				GCC_WARN_UNUSED_FUNCTION = YES;
				GCC_WARN_UNUSED_VARIABLE = YES;
				IPHONEOS_DEPLOYMENT_TARGET = 14.3;
				MTL_ENABLE_DEBUG_INFO = INCLUDE_SOURCE;
				MTL_FAST_MATH = YES;
				ONLY_ACTIVE_ARCH = YES;
				SDKROOT = iphoneos;
				SWIFT_ACTIVE_COMPILATION_CONDITIONS = DEBUG;
				SWIFT_OPTIMIZATION_LEVEL = "-Onone";
			};
			name = Debug;
		};
		31AF8D3A25BFFBEA00FEBC83 /* Release */ = {
			isa = XCBuildConfiguration;
			buildSettings = {
				ALWAYS_SEARCH_USER_PATHS = NO;
				CLANG_ANALYZER_NONNULL = YES;
				CLANG_ANALYZER_NUMBER_OBJECT_CONVERSION = YES_AGGRESSIVE;
				CLANG_CXX_LANGUAGE_STANDARD = "gnu++14";
				CLANG_CXX_LIBRARY = "libc++";
				CLANG_ENABLE_MODULES = YES;
				CLANG_ENABLE_OBJC_ARC = YES;
				CLANG_ENABLE_OBJC_WEAK = YES;
				CLANG_WARN_BLOCK_CAPTURE_AUTORELEASING = YES;
				CLANG_WARN_BOOL_CONVERSION = YES;
				CLANG_WARN_COMMA = YES;
				CLANG_WARN_CONSTANT_CONVERSION = YES;
				CLANG_WARN_DEPRECATED_OBJC_IMPLEMENTATIONS = YES;
				CLANG_WARN_DIRECT_OBJC_ISA_USAGE = YES_ERROR;
				CLANG_WARN_DOCUMENTATION_COMMENTS = YES;
				CLANG_WARN_EMPTY_BODY = YES;
				CLANG_WARN_ENUM_CONVERSION = YES;
				CLANG_WARN_INFINITE_RECURSION = YES;
				CLANG_WARN_INT_CONVERSION = YES;
				CLANG_WARN_NON_LITERAL_NULL_CONVERSION = YES;
				CLANG_WARN_OBJC_IMPLICIT_RETAIN_SELF = YES;
				CLANG_WARN_OBJC_LITERAL_CONVERSION = YES;
				CLANG_WARN_OBJC_ROOT_CLASS = YES_ERROR;
				CLANG_WARN_QUOTED_INCLUDE_IN_FRAMEWORK_HEADER = YES;
				CLANG_WARN_RANGE_LOOP_ANALYSIS = YES;
				CLANG_WARN_STRICT_PROTOTYPES = YES;
				CLANG_WARN_SUSPICIOUS_MOVE = YES;
				CLANG_WARN_UNGUARDED_AVAILABILITY = YES_AGGRESSIVE;
				CLANG_WARN_UNREACHABLE_CODE = YES;
				CLANG_WARN__DUPLICATE_METHOD_MATCH = YES;
				COPY_PHASE_STRIP = NO;
				DEBUG_INFORMATION_FORMAT = "dwarf-with-dsym";
				ENABLE_NS_ASSERTIONS = NO;
				ENABLE_STRICT_OBJC_MSGSEND = YES;
				GCC_C_LANGUAGE_STANDARD = gnu11;
				GCC_NO_COMMON_BLOCKS = YES;
				GCC_WARN_64_TO_32_BIT_CONVERSION = YES;
				GCC_WARN_ABOUT_RETURN_TYPE = YES_ERROR;
				GCC_WARN_UNDECLARED_SELECTOR = YES;
				GCC_WARN_UNINITIALIZED_AUTOS = YES_AGGRESSIVE;
				GCC_WARN_UNUSED_FUNCTION = YES;
				GCC_WARN_UNUSED_VARIABLE = YES;
				IPHONEOS_DEPLOYMENT_TARGET = 14.3;
				MTL_ENABLE_DEBUG_INFO = NO;
				MTL_FAST_MATH = YES;
				SDKROOT = iphoneos;
				SWIFT_COMPILATION_MODE = wholemodule;
				SWIFT_OPTIMIZATION_LEVEL = "-O";
				VALIDATE_PRODUCT = YES;
			};
			name = Release;
		};
		31AF8D3C25BFFBEA00FEBC83 /* Debug */ = {
			isa = XCBuildConfiguration;
			baseConfigurationReference = 15C176E4EBE6067F24E22FAD /* Pods-githubSearchApp.debug.xcconfig */;
			buildSettings = {
				ASSETCATALOG_COMPILER_APPICON_NAME = AppIcon;
				ASSETCATALOG_COMPILER_GLOBAL_ACCENT_COLOR_NAME = AccentColor;
				CODE_SIGN_STYLE = Manual;
				DEVELOPMENT_TEAM = "";
				INFOPLIST_FILE = githubSearchApp/Info.plist;
				LD_RUNPATH_SEARCH_PATHS = (
					"$(inherited)",
					"@executable_path/Frameworks",
				);
				PRODUCT_BUNDLE_IDENTIFIER = com.wonju.githubSearchApp;
				PRODUCT_NAME = "$(TARGET_NAME)";
				PROVISIONING_PROFILE_SPECIFIER = "";
				SWIFT_VERSION = 5.0;
				TARGETED_DEVICE_FAMILY = "1,2";
			};
			name = Debug;
		};
		31AF8D3D25BFFBEA00FEBC83 /* Release */ = {
			isa = XCBuildConfiguration;
			baseConfigurationReference = A82B030363667B9303F8D88C /* Pods-githubSearchApp.release.xcconfig */;
			buildSettings = {
				ASSETCATALOG_COMPILER_APPICON_NAME = AppIcon;
				ASSETCATALOG_COMPILER_GLOBAL_ACCENT_COLOR_NAME = AccentColor;
				CODE_SIGN_STYLE = Manual;
				DEVELOPMENT_TEAM = "";
				INFOPLIST_FILE = githubSearchApp/Info.plist;
				LD_RUNPATH_SEARCH_PATHS = (
					"$(inherited)",
					"@executable_path/Frameworks",
				);
				PRODUCT_BUNDLE_IDENTIFIER = com.wonju.githubSearchApp;
				PRODUCT_NAME = "$(TARGET_NAME)";
				PROVISIONING_PROFILE_SPECIFIER = "";
				SWIFT_VERSION = 5.0;
				TARGETED_DEVICE_FAMILY = "1,2";
			};
			name = Release;
		};
		31C6FEFA25C29A270022B33D /* Debug */ = {
			isa = XCBuildConfiguration;
			buildSettings = {
				BUNDLE_LOADER = "$(TEST_HOST)";
				CODE_SIGN_STYLE = Automatic;
				DEVELOPMENT_TEAM = PCB372X4L2;
				INFOPLIST_FILE = githubSearchAppTests/Info.plist;
				LD_RUNPATH_SEARCH_PATHS = (
					"$(inherited)",
					"@executable_path/Frameworks",
					"@loader_path/Frameworks",
				);
				PRODUCT_BUNDLE_IDENTIFIER = com.wonju.githubSearchAppTests;
				PRODUCT_NAME = "$(TARGET_NAME)";
				SWIFT_VERSION = 5.0;
				TARGETED_DEVICE_FAMILY = "1,2";
				TEST_HOST = "$(BUILT_PRODUCTS_DIR)/githubSearchApp.app/githubSearchApp";
			};
			name = Debug;
		};
		31C6FEFB25C29A270022B33D /* Release */ = {
			isa = XCBuildConfiguration;
			buildSettings = {
				BUNDLE_LOADER = "$(TEST_HOST)";
				CODE_SIGN_STYLE = Automatic;
				DEVELOPMENT_TEAM = PCB372X4L2;
				INFOPLIST_FILE = githubSearchAppTests/Info.plist;
				LD_RUNPATH_SEARCH_PATHS = (
					"$(inherited)",
					"@executable_path/Frameworks",
					"@loader_path/Frameworks",
				);
				PRODUCT_BUNDLE_IDENTIFIER = com.wonju.githubSearchAppTests;
				PRODUCT_NAME = "$(TARGET_NAME)";
				SWIFT_VERSION = 5.0;
				TARGETED_DEVICE_FAMILY = "1,2";
				TEST_HOST = "$(BUILT_PRODUCTS_DIR)/githubSearchApp.app/githubSearchApp";
			};
			name = Release;
		};
/* End XCBuildConfiguration section */

/* Begin XCConfigurationList section */
		31AF8D2225BFFBE600FEBC83 /* Build configuration list for PBXProject "githubSearchApp" */ = {
			isa = XCConfigurationList;
			buildConfigurations = (
				31AF8D3925BFFBEA00FEBC83 /* Debug */,
				31AF8D3A25BFFBEA00FEBC83 /* Release */,
			);
			defaultConfigurationIsVisible = 0;
			defaultConfigurationName = Release;
		};
		31AF8D3B25BFFBEA00FEBC83 /* Build configuration list for PBXNativeTarget "githubSearchApp" */ = {
			isa = XCConfigurationList;
			buildConfigurations = (
				31AF8D3C25BFFBEA00FEBC83 /* Debug */,
				31AF8D3D25BFFBEA00FEBC83 /* Release */,
			);
			defaultConfigurationIsVisible = 0;
			defaultConfigurationName = Release;
		};
		31C6FEF925C29A270022B33D /* Build configuration list for PBXNativeTarget "githubSearchAppTests" */ = {
			isa = XCConfigurationList;
			buildConfigurations = (
				31C6FEFA25C29A270022B33D /* Debug */,
				31C6FEFB25C29A270022B33D /* Release */,
			);
			defaultConfigurationIsVisible = 0;
			defaultConfigurationName = Release;
		};
/* End XCConfigurationList section */
	};
	rootObject = 31AF8D1F25BFFBE600FEBC83 /* Project object */;
}
